// !$*UTF8*$!
{
	archiveVersion = 1;
	classes = {
	};
	objectVersion = 48;
	objects = {

/* Begin PBXBuildFile section */
		3F237F6B213F8B0300498916 /* AppDelegate.swift in Sources */ = {isa = PBXBuildFile; fileRef = 3F237F6A213F8B0300498916 /* AppDelegate.swift */; };
		3F237F6D213F8B0300498916 /* ViewController.swift in Sources */ = {isa = PBXBuildFile; fileRef = 3F237F6C213F8B0300498916 /* ViewController.swift */; };
		3F237F70213F8B0300498916 /* Main.storyboard in Resources */ = {isa = PBXBuildFile; fileRef = 3F237F6E213F8B0300498916 /* Main.storyboard */; };
		3F237F72213F8B0300498916 /* Assets.xcassets in Resources */ = {isa = PBXBuildFile; fileRef = 3F237F71213F8B0300498916 /* Assets.xcassets */; };
		3F237F75213F8B0300498916 /* LaunchScreen.storyboard in Resources */ = {isa = PBXBuildFile; fileRef = 3F237F73213F8B0300498916 /* LaunchScreen.storyboard */; };
		3F237F80213F8B0400498916 /* ImageViewApp1Tests.swift in Sources */ = {isa = PBXBuildFile; fileRef = 3F237F7F213F8B0400498916 /* ImageViewApp1Tests.swift */; };
		3F237F8B213F8B0400498916 /* ImageViewApp1UITests.swift in Sources */ = {isa = PBXBuildFile; fileRef = 3F237F8A213F8B0400498916 /* ImageViewApp1UITests.swift */; };
/* End PBXBuildFile section */

/* Begin PBXContainerItemProxy section */
		3F237F7C213F8B0400498916 /* PBXContainerItemProxy */ = {
			isa = PBXContainerItemProxy;
			containerPortal = 3F237F5F213F8B0100498916 /* Project object */;
			proxyType = 1;
			remoteGlobalIDString = 3F237F66213F8B0200498916;
			remoteInfo = ImageViewApp1;
		};
		3F237F87213F8B0400498916 /* PBXContainerItemProxy */ = {
			isa = PBXContainerItemProxy;
			containerPortal = 3F237F5F213F8B0100498916 /* Project object */;
			proxyType = 1;
			remoteGlobalIDString = 3F237F66213F8B0200498916;
			remoteInfo = ImageViewApp1;
		};
/* End PBXContainerItemProxy section */

/* Begin PBXFileReference section */
		3F237F67213F8B0200498916 /* ImageViewApp1.app */ = {isa = PBXFileReference; explicitFileType = wrapper.application; includeInIndex = 0; path = ImageViewApp1.app; sourceTree = BUILT_PRODUCTS_DIR; };
		3F237F6A213F8B0300498916 /* AppDelegate.swift */ = {isa = PBXFileReference; lastKnownFileType = sourcecode.swift; path = AppDelegate.swift; sourceTree = "<group>"; };
		3F237F6C213F8B0300498916 /* ViewController.swift */ = {isa = PBXFileReference; lastKnownFileType = sourcecode.swift; path = ViewController.swift; sourceTree = "<group>"; };
		3F237F6F213F8B0300498916 /* Base */ = {isa = PBXFileReference; lastKnownFileType = file.storyboard; name = Base; path = Base.lproj/Main.storyboard; sourceTree = "<group>"; };
		3F237F71213F8B0300498916 /* Assets.xcassets */ = {isa = PBXFileReference; lastKnownFileType = folder.assetcatalog; path = Assets.xcassets; sourceTree = "<group>"; };
		3F237F74213F8B0300498916 /* Base */ = {isa = PBXFileReference; lastKnownFileType = file.storyboard; name = Base; path = Base.lproj/LaunchScreen.storyboard; sourceTree = "<group>"; };
		3F237F76213F8B0300498916 /* Info.plist */ = {isa = PBXFileReference; lastKnownFileType = text.plist.xml; path = Info.plist; sourceTree = "<group>"; };
		3F237F7B213F8B0400498916 /* ImageViewApp1Tests.xctest */ = {isa = PBXFileReference; explicitFileType = wrapper.cfbundle; includeInIndex = 0; path = ImageViewApp1Tests.xctest; sourceTree = BUILT_PRODUCTS_DIR; };
		3F237F7F213F8B0400498916 /* ImageViewApp1Tests.swift */ = {isa = PBXFileReference; lastKnownFileType = sourcecode.swift; path = ImageViewApp1Tests.swift; sourceTree = "<group>"; };
		3F237F81213F8B0400498916 /* Info.plist */ = {isa = PBXFileReference; lastKnownFileType = text.plist.xml; path = Info.plist; sourceTree = "<group>"; };
		3F237F86213F8B0400498916 /* ImageViewApp1UITests.xctest */ = {isa = PBXFileReference; explicitFileType = wrapper.cfbundle; includeInIndex = 0; path = ImageViewApp1UITests.xctest; sourceTree = BUILT_PRODUCTS_DIR; };
		3F237F8A213F8B0400498916 /* ImageViewApp1UITests.swift */ = {isa = PBXFileReference; lastKnownFileType = sourcecode.swift; path = ImageViewApp1UITests.swift; sourceTree = "<group>"; };
		3F237F8C213F8B0400498916 /* Info.plist */ = {isa = PBXFileReference; lastKnownFileType = text.plist.xml; path = Info.plist; sourceTree = "<group>"; };
/* End PBXFileReference section */

/* Begin PBXFrameworksBuildPhase section */
		3F237F64213F8B0200498916 /* Frameworks */ = {
			isa = PBXFrameworksBuildPhase;
			buildActionMask = 2147483647;
			files = (
			);
			runOnlyForDeploymentPostprocessing = 0;
		};
		3F237F78213F8B0400498916 /* Frameworks */ = {
			isa = PBXFrameworksBuildPhase;
			buildActionMask = 2147483647;
			files = (
			);
			runOnlyForDeploymentPostprocessing = 0;
		};
		3F237F83213F8B0400498916 /* Frameworks */ = {
			isa = PBXFrameworksBuildPhase;
			buildActionMask = 2147483647;
			files = (
			);
			runOnlyForDeploymentPostprocessing = 0;
		};
/* End PBXFrameworksBuildPhase section */

/* Begin PBXGroup section */
		3F237F5E213F8B0000498916 = {
			isa = PBXGroup;
			children = (
				3F237F69213F8B0200498916 /* ImageViewApp1 */,
				3F237F7E213F8B0400498916 /* ImageViewApp1Tests */,
				3F237F89213F8B0400498916 /* ImageViewApp1UITests */,
				3F237F68213F8B0200498916 /* Products */,
			);
			sourceTree = "<group>";
		};
		3F237F68213F8B0200498916 /* Products */ = {
			isa = PBXGroup;
			children = (
				3F237F67213F8B0200498916 /* ImageViewApp1.app */,
				3F237F7B213F8B0400498916 /* ImageViewApp1Tests.xctest */,
				3F237F86213F8B0400498916 /* ImageViewApp1UITests.xctest */,
			);
			name = Products;
			sourceTree = "<group>";
		};
		3F237F69213F8B0200498916 /* ImageViewApp1 */ = {
			isa = PBXGroup;
			children = (
				3F237F6A213F8B0300498916 /* AppDelegate.swift */,
				3F237F6C213F8B0300498916 /* ViewController.swift */,
				3F237F6E213F8B0300498916 /* Main.storyboard */,
				3F237F71213F8B0300498916 /* Assets.xcassets */,
				3F237F73213F8B0300498916 /* LaunchScreen.storyboard */,
				3F237F76213F8B0300498916 /* Info.plist */,
			);
			path = ImageViewApp1;
			sourceTree = "<group>";
		};
		3F237F7E213F8B0400498916 /* ImageViewApp1Tests */ = {
			isa = PBXGroup;
			children = (
				3F237F7F213F8B0400498916 /* ImageViewApp1Tests.swift */,
				3F237F81213F8B0400498916 /* Info.plist */,
			);
			path = ImageViewApp1Tests;
			sourceTree = "<group>";
		};
		3F237F89213F8B0400498916 /* ImageViewApp1UITests */ = {
			isa = PBXGroup;
			children = (
				3F237F8A213F8B0400498916 /* ImageViewApp1UITests.swift */,
				3F237F8C213F8B0400498916 /* Info.plist */,
			);
			path = ImageViewApp1UITests;
			sourceTree = "<group>";
		};
/* End PBXGroup section */

/* Begin PBXNativeTarget section */
		3F237F66213F8B0200498916 /* ImageViewApp1 */ = {
			isa = PBXNativeTarget;
			buildConfigurationList = 3F237F8F213F8B0500498916 /* Build configuration list for PBXNativeTarget "ImageViewApp1" */;
			buildPhases = (
				3F237F63213F8B0200498916 /* Sources */,
				3F237F64213F8B0200498916 /* Frameworks */,
				3F237F65213F8B0200498916 /* Resources */,
			);
			buildRules = (
			);
			dependencies = (
			);
			name = ImageViewApp1;
			productName = ImageViewApp1;
			productReference = 3F237F67213F8B0200498916 /* ImageViewApp1.app */;
			productType = "com.apple.product-type.application";
		};
		3F237F7A213F8B0400498916 /* ImageViewApp1Tests */ = {
			isa = PBXNativeTarget;
			buildConfigurationList = 3F237F92213F8B0500498916 /* Build configuration list for PBXNativeTarget "ImageViewApp1Tests" */;
			buildPhases = (
				3F237F77213F8B0400498916 /* Sources */,
				3F237F78213F8B0400498916 /* Frameworks */,
				3F237F79213F8B0400498916 /* Resources */,
			);
			buildRules = (
			);
			dependencies = (
				3F237F7D213F8B0400498916 /* PBXTargetDependency */,
			);
			name = ImageViewApp1Tests;
			productName = ImageViewApp1Tests;
			productReference = 3F237F7B213F8B0400498916 /* ImageViewApp1Tests.xctest */;
			productType = "com.apple.product-type.bundle.unit-test";
		};
		3F237F85213F8B0400498916 /* ImageViewApp1UITests */ = {
			isa = PBXNativeTarget;
			buildConfigurationList = 3F237F95213F8B0500498916 /* Build configuration list for PBXNativeTarget "ImageViewApp1UITests" */;
			buildPhases = (
				3F237F82213F8B0400498916 /* Sources */,
				3F237F83213F8B0400498916 /* Frameworks */,
				3F237F84213F8B0400498916 /* Resources */,
			);
			buildRules = (
			);
			dependencies = (
				3F237F88213F8B0400498916 /* PBXTargetDependency */,
			);
			name = ImageViewApp1UITests;
			productName = ImageViewApp1UITests;
			productReference = 3F237F86213F8B0400498916 /* ImageViewApp1UITests.xctest */;
			productType = "com.apple.product-type.bundle.ui-testing";
		};
/* End PBXNativeTarget section */

/* Begin PBXProject section */
		3F237F5F213F8B0100498916 /* Project object */ = {
			isa = PBXProject;
			attributes = {
				LastSwiftUpdateCheck = 0900;
				LastUpgradeCheck = 0900;
				ORGANIZATIONNAME = Student;
				TargetAttributes = {
					3F237F66213F8B0200498916 = {
						CreatedOnToolsVersion = 9.0;
						ProvisioningStyle = Automatic;
					};
					3F237F7A213F8B0400498916 = {
						CreatedOnToolsVersion = 9.0;
						ProvisioningStyle = Automatic;
						TestTargetID = 3F237F66213F8B0200498916;
					};
					3F237F85213F8B0400498916 = {
						CreatedOnToolsVersion = 9.0;
						ProvisioningStyle = Automatic;
						TestTargetID = 3F237F66213F8B0200498916;
					};
				};
			};
			buildConfigurationList = 3F237F62213F8B0100498916 /* Build configuration list for PBXProject "ImageViewApp1" */;
			compatibilityVersion = "Xcode 8.0";
			developmentRegion = en;
			hasScannedForEncodings = 0;
			knownRegions = (
				en,
				Base,
			);
			mainGroup = 3F237F5E213F8B0000498916;
			productRefGroup = 3F237F68213F8B0200498916 /* Products */;
			projectDirPath = "";
			projectRoot = "";
			targets = (
				3F237F66213F8B0200498916 /* ImageViewApp1 */,
				3F237F7A213F8B0400498916 /* ImageViewApp1Tests */,
				3F237F85213F8B0400498916 /* ImageViewApp1UITests */,
			);
		};
/* End PBXProject section */

/* Begin PBXResourcesBuildPhase section */
		3F237F65213F8B0200498916 /* Resources */ = {
			isa = PBXResourcesBuildPhase;
			buildActionMask = 2147483647;
			files = (
				3F237F75213F8B0300498916 /* LaunchScreen.storyboard in Resources */,
				3F237F72213F8B0300498916 /* Assets.xcassets in Resources */,
				3F237F70213F8B0300498916 /* Main.storyboard in Resources */,
			);
			runOnlyForDeploymentPostprocessing = 0;
		};
		3F237F79213F8B0400498916 /* Resources */ = {
			isa = PBXResourcesBuildPhase;
			buildActionMask = 2147483647;
			files = (
			);
			runOnlyForDeploymentPostprocessing = 0;
		};
		3F237F84213F8B0400498916 /* Resources */ = {
			isa = PBXResourcesBuildPhase;
			buildActionMask = 2147483647;
			files = (
			);
			runOnlyForDeploymentPostprocessing = 0;
		};
/* End PBXResourcesBuildPhase section */

/* Begin PBXSourcesBuildPhase section */
		3F237F63213F8B0200498916 /* Sources */ = {
			isa = PBXSourcesBuildPhase;
			buildActionMask = 2147483647;
			files = (
				3F237F6D213F8B0300498916 /* ViewController.swift in Sources */,
				3F237F6B213F8B0300498916 /* AppDelegate.swift in Sources */,
			);
			runOnlyForDeploymentPostprocessing = 0;
		};
		3F237F77213F8B0400498916 /* Sources */ = {
			isa = PBXSourcesBuildPhase;
			buildActionMask = 2147483647;
			files = (
				3F237F80213F8B0400498916 /* ImageViewApp1Tests.swift in Sources */,
			);
			runOnlyForDeploymentPostprocessing = 0;
		};
		3F237F82213F8B0400498916 /* Sources */ = {
			isa = PBXSourcesBuildPhase;
			buildActionMask = 2147483647;
			files = (
				3F237F8B213F8B0400498916 /* ImageViewApp1UITests.swift in Sources */,
			);
			runOnlyForDeploymentPostprocessing = 0;
		};
/* End PBXSourcesBuildPhase section */

/* Begin PBXTargetDependency section */
		3F237F7D213F8B0400498916 /* PBXTargetDependency */ = {
			isa = PBXTargetDependency;
			target = 3F237F66213F8B0200498916 /* ImageViewApp1 */;
			targetProxy = 3F237F7C213F8B0400498916 /* PBXContainerItemProxy */;
		};
		3F237F88213F8B0400498916 /* PBXTargetDependency */ = {
			isa = PBXTargetDependency;
			target = 3F237F66213F8B0200498916 /* ImageViewApp1 */;
			targetProxy = 3F237F87213F8B0400498916 /* PBXContainerItemProxy */;
		};
/* End PBXTargetDependency section */

/* Begin PBXVariantGroup section */
		3F237F6E213F8B0300498916 /* Main.storyboard */ = {
			isa = PBXVariantGroup;
			children = (
				3F237F6F213F8B0300498916 /* Base */,
			);
			name = Main.storyboard;
			sourceTree = "<group>";
		};
		3F237F73213F8B0300498916 /* LaunchScreen.storyboard */ = {
			isa = PBXVariantGroup;
			children = (
				3F237F74213F8B0300498916 /* Base */,
			);
			name = LaunchScreen.storyboard;
			sourceTree = "<group>";
		};
/* End PBXVariantGroup section */

/* Begin XCBuildConfiguration section */
		3F237F8D213F8B0500498916 /* Debug */ = {
			isa = XCBuildConfiguration;
			buildSettings = {
				ALWAYS_SEARCH_USER_PATHS = NO;
				CLANG_ANALYZER_NONNULL = YES;
				CLANG_ANALYZER_NUMBER_OBJECT_CONVERSION = YES_AGGRESSIVE;
				CLANG_CXX_LANGUAGE_STANDARD = "gnu++14";
				CLANG_CXX_LIBRARY = "libc++";
				CLANG_ENABLE_MODULES = YES;
				CLANG_ENABLE_OBJC_ARC = YES;
				CLANG_WARN_BLOCK_CAPTURE_AUTORELEASING = YES;
				CLANG_WARN_BOOL_CONVERSION = YES;
				CLANG_WARN_COMMA = YES;
				CLANG_WARN_CONSTANT_CONVERSION = YES;
				CLANG_WARN_DIRECT_OBJC_ISA_USAGE = YES_ERROR;
				CLANG_WARN_DOCUMENTATION_COMMENTS = YES;
				CLANG_WARN_EMPTY_BODY = YES;
				CLANG_WARN_ENUM_CONVERSION = YES;
				CLANG_WARN_INFINITE_RECURSION = YES;
				CLANG_WARN_INT_CONVERSION = YES;
				CLANG_WARN_NON_LITERAL_NULL_CONVERSION = YES;
				CLANG_WARN_OBJC_LITERAL_CONVERSION = YES;
				CLANG_WARN_OBJC_ROOT_CLASS = YES_ERROR;
				CLANG_WARN_RANGE_LOOP_ANALYSIS = YES;
				CLANG_WARN_STRICT_PROTOTYPES = YES;
				CLANG_WARN_SUSPICIOUS_MOVE = YES;
				CLANG_WARN_UNGUARDED_AVAILABILITY = YES_AGGRESSIVE;
				CLANG_WARN_UNREACHABLE_CODE = YES;
				CLANG_WARN__DUPLICATE_METHOD_MATCH = YES;
				CODE_SIGN_IDENTITY = "iPhone Developer";
				COPY_PHASE_STRIP = NO;
				DEBUG_INFORMATION_FORMAT = dwarf;
				ENABLE_STRICT_OBJC_MSGSEND = YES;
				ENABLE_TESTABILITY = YES;
				GCC_C_LANGUAGE_STANDARD = gnu11;
				GCC_DYNAMIC_NO_PIC = NO;
				GCC_NO_COMMON_BLOCKS = YES;
				GCC_OPTIMIZATION_LEVEL = 0;
				GCC_PREPROCESSOR_DEFINITIONS = (
					"DEBUG=1",
					"$(inherited)",
				);
				GCC_WARN_64_TO_32_BIT_CONVERSION = YES;
				GCC_WARN_ABOUT_RETURN_TYPE = YES_ERROR;
				GCC_WARN_UNDECLARED_SELECTOR = YES;
				GCC_WARN_UNINITIALIZED_AUTOS = YES_AGGRESSIVE;
				GCC_WARN_UNUSED_FUNCTION = YES;
				GCC_WARN_UNUSED_VARIABLE = YES;
				IPHONEOS_DEPLOYMENT_TARGET = 11.0;
				MTL_ENABLE_DEBUG_INFO = YES;
				ONLY_ACTIVE_ARCH = YES;
				SDKROOT = iphoneos;
				SWIFT_ACTIVE_COMPILATION_CONDITIONS = DEBUG;
				SWIFT_OPTIMIZATION_LEVEL = "-Onone";
			};
			name = Debug;
		};
		3F237F8E213F8B0500498916 /* Release */ = {
			isa = XCBuildConfiguration;
			buildSettings = {
				ALWAYS_SEARCH_USER_PATHS = NO;
				CLANG_ANALYZER_NONNULL = YES;
				CLANG_ANALYZER_NUMBER_OBJECT_CONVERSION = YES_AGGRESSIVE;
				CLANG_CXX_LANGUAGE_STANDARD = "gnu++14";
				CLANG_CXX_LIBRARY = "libc++";
				CLANG_ENABLE_MODULES = YES;
				CLANG_ENABLE_OBJC_ARC = YES;
				CLANG_WARN_BLOCK_CAPTURE_AUTORELEASING = YES;
				CLANG_WARN_BOOL_CONVERSION = YES;
				CLANG_WARN_COMMA = YES;
				CLANG_WARN_CONSTANT_CONVERSION = YES;
				CLANG_WARN_DIRECT_OBJC_ISA_USAGE = YES_ERROR;
				CLANG_WARN_DOCUMENTATION_COMMENTS = YES;
				CLANG_WARN_EMPTY_BODY = YES;
				CLANG_WARN_ENUM_CONVERSION = YES;
				CLANG_WARN_INFINITE_RECURSION = YES;
				CLANG_WARN_INT_CONVERSION = YES;
				CLANG_WARN_NON_LITERAL_NULL_CONVERSION = YES;
				CLANG_WARN_OBJC_LITERAL_CONVERSION = YES;
				CLANG_WARN_OBJC_ROOT_CLASS = YES_ERROR;
				CLANG_WARN_RANGE_LOOP_ANALYSIS = YES;
				CLANG_WARN_STRICT_PROTOTYPES = YES;
				CLANG_WARN_SUSPICIOUS_MOVE = YES;
				CLANG_WARN_UNGUARDED_AVAILABILITY = YES_AGGRESSIVE;
				CLANG_WARN_UNREACHABLE_CODE = YES;
				CLANG_WARN__DUPLICATE_METHOD_MATCH = YES;
				CODE_SIGN_IDENTITY = "iPhone Developer";
				COPY_PHASE_STRIP = NO;
				DEBUG_INFORMATION_FORMAT = "dwarf-with-dsym";
				ENABLE_NS_ASSERTIONS = NO;
				ENABLE_STRICT_OBJC_MSGSEND = YES;
				GCC_C_LANGUAGE_STANDARD = gnu11;
				GCC_NO_COMMON_BLOCKS = YES;
				GCC_WARN_64_TO_32_BIT_CONVERSION = YES;
				GCC_WARN_ABOUT_RETURN_TYPE = YES_ERROR;
				GCC_WARN_UNDECLARED_SELECTOR = YES;
				GCC_WARN_UNINITIALIZED_AUTOS = YES_AGGRESSIVE;
				GCC_WARN_UNUSED_FUNCTION = YES;
				GCC_WARN_UNUSED_VARIABLE = YES;
				IPHONEOS_DEPLOYMENT_TARGET = 11.0;
				MTL_ENABLE_DEBUG_INFO = NO;
				SDKROOT = iphoneos;
				SWIFT_OPTIMIZATION_LEVEL = "-Owholemodule";
				VALIDATE_PRODUCT = YES;
			};
			name = Release;
		};
		3F237F90213F8B0500498916 /* Debug */ = {
			isa = XCBuildConfiguration;
			buildSettings = {
				ASSETCATALOG_COMPILER_APPICON_NAME = AppIcon;
				CODE_SIGN_STYLE = Automatic;
				INFOPLIST_FILE = ImageViewApp1/Info.plist;
				LD_RUNPATH_SEARCH_PATHS = "$(inherited) @executable_path/Frameworks";
				PRODUCT_BUNDLE_IDENTIFIER = lpu.ImageViewApp1;
				PRODUCT_NAME = "$(TARGET_NAME)";
				SWIFT_VERSION = 4.0;
				TARGETED_DEVICE_FAMILY = "1,2";
			};
			name = Debug;
		};
		3F237F91213F8B0500498916 /* Release */ = {
			isa = XCBuildConfiguration;
			buildSettings = {
				ASSETCATALOG_COMPILER_APPICON_NAME = AppIcon;
				CODE_SIGN_STYLE = Automatic;
				INFOPLIST_FILE = ImageViewApp1/Info.plist;
				LD_RUNPATH_SEARCH_PATHS = "$(inherited) @executable_path/Frameworks";
				PRODUCT_BUNDLE_IDENTIFIER = lpu.ImageViewApp1;
				PRODUCT_NAME = "$(TARGET_NAME)";
				SWIFT_VERSION = 4.0;
				TARGETED_DEVICE_FAMILY = "1,2";
			};
			name = Release;
		};
		3F237F93213F8B0500498916 /* Debug */ = {
			isa = XCBuildConfiguration;
			buildSettings = {
				ALWAYS_EMBED_SWIFT_STANDARD_LIBRARIES = YES;
				BUNDLE_LOADER = "$(TEST_HOST)";
				CODE_SIGN_STYLE = Automatic;
				INFOPLIST_FILE = ImageViewApp1Tests/Info.plist;
				LD_RUNPATH_SEARCH_PATHS = "$(inherited) @executable_path/Frameworks @loader_path/Frameworks";
				PRODUCT_BUNDLE_IDENTIFIER = lpu.ImageViewApp1Tests;
				PRODUCT_NAME = "$(TARGET_NAME)";
				SWIFT_VERSION = 4.0;
				TARGETED_DEVICE_FAMILY = "1,2";
				TEST_HOST = "$(BUILT_PRODUCTS_DIR)/ImageViewApp1.app/ImageViewApp1";
			};
			name = Debug;
		};
		3F237F94213F8B0500498916 /* Release */ = {
			isa = XCBuildConfiguration;
			buildSettings = {
				ALWAYS_EMBED_SWIFT_STANDARD_LIBRARIES = YES;
				BUNDLE_LOADER = "$(TEST_HOST)";
				CODE_SIGN_STYLE = Automatic;
				INFOPLIST_FILE = ImageViewApp1Tests/Info.plist;
				LD_RUNPATH_SEARCH_PATHS = "$(inherited) @executable_path/Frameworks @loader_path/Frameworks";
				PRODUCT_BUNDLE_IDENTIFIER = lpu.ImageViewApp1Tests;
				PRODUCT_NAME = "$(TARGET_NAME)";
				SWIFT_VERSION = 4.0;
				TARGETED_DEVICE_FAMILY = "1,2";
				TEST_HOST = "$(BUILT_PRODUCTS_DIR)/ImageViewApp1.app/ImageViewApp1";
			};
			name = Release;
		};
		3F237F96213F8B0500498916 /* Debug */ = {
			isa = XCBuildConfiguration;
			buildSettings = {
				ALWAYS_EMBED_SWIFT_STANDARD_LIBRARIES = YES;
				CODE_SIGN_STYLE = Automatic;
				INFOPLIST_FILE = ImageViewApp1UITests/Info.plist;
				LD_RUNPATH_SEARCH_PATHS = "$(inherited) @executable_path/Frameworks @loader_path/Frameworks";
				PRODUCT_BUNDLE_IDENTIFIER = lpu.ImageViewApp1UITests;
				PRODUCT_NAME = "$(TARGET_NAME)";
				SWIFT_VERSION = 4.0;
				TARGETED_DEVICE_FAMILY = "1,2";
				TEST_TARGET_NAME = ImageViewApp1;
			};
			name = Debug;
		};
		3F237F97213F8B0500498916 /* Release */ = {
			isa = XCBuildConfiguration;
			buildSettings = {
				ALWAYS_EMBED_SWIFT_STANDARD_LIBRARIES = YES;
				CODE_SIGN_STYLE = Automatic;
				INFOPLIST_FILE = ImageViewApp1UITests/Info.plist;
				LD_RUNPATH_SEARCH_PATHS = "$(inherited) @executable_path/Frameworks @loader_path/Frameworks";
				PRODUCT_BUNDLE_IDENTIFIER = lpu.ImageViewApp1UITests;
				PRODUCT_NAME = "$(TARGET_NAME)";
				SWIFT_VERSION = 4.0;
				TARGETED_DEVICE_FAMILY = "1,2";
				TEST_TARGET_NAME = ImageViewApp1;
			};
			name = Release;
		};
/* End XCBuildConfiguration section */

/* Begin XCConfigurationList section */
		3F237F62213F8B0100498916 /* Build configuration list for PBXProject "ImageViewApp1" */ = {
			isa = XCConfigurationList;
			buildConfigurations = (
				3F237F8D213F8B0500498916 /* Debug */,
				3F237F8E213F8B0500498916 /* Release */,
			);
			defaultConfigurationIsVisible = 0;
			defaultConfigurationName = Release;
		};
		3F237F8F213F8B0500498916 /* Build configuration list for PBXNativeTarget "ImageViewApp1" */ = {
			isa = XCConfigurationList;
			buildConfigurations = (
				3F237F90213F8B0500498916 /* Debug */,
				3F237F91213F8B0500498916 /* Release */,
			);
			defaultConfigurationIsVisible = 0;
			defaultConfigurationName = Release;
		};
		3F237F92213F8B0500498916 /* Build configuration list for PBXNativeTarget "ImageViewApp1Tests" */ = {
			isa = XCConfigurationList;
			buildConfigurations = (
				3F237F93213F8B0500498916 /* Debug */,
				3F237F94213F8B0500498916 /* Release */,
			);
			defaultConfigurationIsVisible = 0;
			defaultConfigurationName = Release;
		};
		3F237F95213F8B0500498916 /* Build configuration list for PBXNativeTarget "ImageViewApp1UITests" */ = {
			isa = XCConfigurationList;
			buildConfigurations = (
				3F237F96213F8B0500498916 /* Debug */,
				3F237F97213F8B0500498916 /* Release */,
			);
			defaultConfigurationIsVisible = 0;
			defaultConfigurationName = Release;
		};
/* End XCConfigurationList section */
	};
	rootObject = 3F237F5F213F8B0100498916 /* Project object */;
}
