// !$*UTF8*$!
{
	archiveVersion = 1;
	classes = {
	};
	objectVersion = 48;
	objects = {

/* Begin PBXBuildFile section */
		3F0774A021355110004CA5A5 /* AppDelegate.swift in Sources */ = {isa = PBXBuildFile; fileRef = 3F07749F21355110004CA5A5 /* AppDelegate.swift */; };
		3F0774A221355110004CA5A5 /* ViewController.swift in Sources */ = {isa = PBXBuildFile; fileRef = 3F0774A121355110004CA5A5 /* ViewController.swift */; };
		3F0774A521355110004CA5A5 /* Main.storyboard in Resources */ = {isa = PBXBuildFile; fileRef = 3F0774A321355110004CA5A5 /* Main.storyboard */; };
		3F0774A721355110004CA5A5 /* Assets.xcassets in Resources */ = {isa = PBXBuildFile; fileRef = 3F0774A621355110004CA5A5 /* Assets.xcassets */; };
		3F0774AA21355110004CA5A5 /* LaunchScreen.storyboard in Resources */ = {isa = PBXBuildFile; fileRef = 3F0774A821355110004CA5A5 /* LaunchScreen.storyboard */; };
		3F0774B521355111004CA5A5 /* project5Tests.swift in Sources */ = {isa = PBXBuildFile; fileRef = 3F0774B421355111004CA5A5 /* project5Tests.swift */; };
		3F0774C021355111004CA5A5 /* project5UITests.swift in Sources */ = {isa = PBXBuildFile; fileRef = 3F0774BF21355111004CA5A5 /* project5UITests.swift */; };
		3FF819C121355C1C00527196 /* TableViewController.swift in Sources */ = {isa = PBXBuildFile; fileRef = 3FF819C021355C1C00527196 /* TableViewController.swift */; };
/* End PBXBuildFile section */

/* Begin PBXContainerItemProxy section */
		3F0774B121355111004CA5A5 /* PBXContainerItemProxy */ = {
			isa = PBXContainerItemProxy;
			containerPortal = 3F0774942135510E004CA5A5 /* Project object */;
			proxyType = 1;
			remoteGlobalIDString = 3F07749B2135510F004CA5A5;
			remoteInfo = project5;
		};
		3F0774BC21355111004CA5A5 /* PBXContainerItemProxy */ = {
			isa = PBXContainerItemProxy;
			containerPortal = 3F0774942135510E004CA5A5 /* Project object */;
			proxyType = 1;
			remoteGlobalIDString = 3F07749B2135510F004CA5A5;
			remoteInfo = project5;
		};
/* End PBXContainerItemProxy section */

/* Begin PBXFileReference section */
		3F07749C2135510F004CA5A5 /* project5.app */ = {isa = PBXFileReference; explicitFileType = wrapper.application; includeInIndex = 0; path = project5.app; sourceTree = BUILT_PRODUCTS_DIR; };
		3F07749F21355110004CA5A5 /* AppDelegate.swift */ = {isa = PBXFileReference; lastKnownFileType = sourcecode.swift; path = AppDelegate.swift; sourceTree = "<group>"; };
		3F0774A121355110004CA5A5 /* ViewController.swift */ = {isa = PBXFileReference; lastKnownFileType = sourcecode.swift; path = ViewController.swift; sourceTree = "<group>"; };
		3F0774A421355110004CA5A5 /* Base */ = {isa = PBXFileReference; lastKnownFileType = file.storyboard; name = Base; path = Base.lproj/Main.storyboard; sourceTree = "<group>"; };
		3F0774A621355110004CA5A5 /* Assets.xcassets */ = {isa = PBXFileReference; lastKnownFileType = folder.assetcatalog; path = Assets.xcassets; sourceTree = "<group>"; };
		3F0774A921355110004CA5A5 /* Base */ = {isa = PBXFileReference; lastKnownFileType = file.storyboard; name = Base; path = Base.lproj/LaunchScreen.storyboard; sourceTree = "<group>"; };
		3F0774AB21355110004CA5A5 /* Info.plist */ = {isa = PBXFileReference; lastKnownFileType = text.plist.xml; path = Info.plist; sourceTree = "<group>"; };
		3F0774B021355111004CA5A5 /* project5Tests.xctest */ = {isa = PBXFileReference; explicitFileType = wrapper.cfbundle; includeInIndex = 0; path = project5Tests.xctest; sourceTree = BUILT_PRODUCTS_DIR; };
		3F0774B421355111004CA5A5 /* project5Tests.swift */ = {isa = PBXFileReference; lastKnownFileType = sourcecode.swift; path = project5Tests.swift; sourceTree = "<group>"; };
		3F0774B621355111004CA5A5 /* Info.plist */ = {isa = PBXFileReference; lastKnownFileType = text.plist.xml; path = Info.plist; sourceTree = "<group>"; };
		3F0774BB21355111004CA5A5 /* project5UITests.xctest */ = {isa = PBXFileReference; explicitFileType = wrapper.cfbundle; includeInIndex = 0; path = project5UITests.xctest; sourceTree = BUILT_PRODUCTS_DIR; };
		3F0774BF21355111004CA5A5 /* project5UITests.swift */ = {isa = PBXFileReference; lastKnownFileType = sourcecode.swift; path = project5UITests.swift; sourceTree = "<group>"; };
		3F0774C121355111004CA5A5 /* Info.plist */ = {isa = PBXFileReference; lastKnownFileType = text.plist.xml; path = Info.plist; sourceTree = "<group>"; };
		3FF819C021355C1C00527196 /* TableViewController.swift */ = {isa = PBXFileReference; lastKnownFileType = sourcecode.swift; path = TableViewController.swift; sourceTree = "<group>"; };
/* End PBXFileReference section */

/* Begin PBXFrameworksBuildPhase section */
		3F0774992135510F004CA5A5 /* Frameworks */ = {
			isa = PBXFrameworksBuildPhase;
			buildActionMask = 2147483647;
			files = (
			);
			runOnlyForDeploymentPostprocessing = 0;
		};
		3F0774AD21355111004CA5A5 /* Frameworks */ = {
			isa = PBXFrameworksBuildPhase;
			buildActionMask = 2147483647;
			files = (
			);
			runOnlyForDeploymentPostprocessing = 0;
		};
		3F0774B821355111004CA5A5 /* Frameworks */ = {
			isa = PBXFrameworksBuildPhase;
			buildActionMask = 2147483647;
			files = (
			);
			runOnlyForDeploymentPostprocessing = 0;
		};
/* End PBXFrameworksBuildPhase section */

/* Begin PBXGroup section */
		3F0774932135510E004CA5A5 = {
			isa = PBXGroup;
			children = (
				3F07749E2135510F004CA5A5 /* project5 */,
				3F0774B321355111004CA5A5 /* project5Tests */,
				3F0774BE21355111004CA5A5 /* project5UITests */,
				3F07749D2135510F004CA5A5 /* Products */,
			);
			sourceTree = "<group>";
		};
		3F07749D2135510F004CA5A5 /* Products */ = {
			isa = PBXGroup;
			children = (
				3F07749C2135510F004CA5A5 /* project5.app */,
				3F0774B021355111004CA5A5 /* project5Tests.xctest */,
				3F0774BB21355111004CA5A5 /* project5UITests.xctest */,
			);
			name = Products;
			sourceTree = "<group>";
		};
		3F07749E2135510F004CA5A5 /* project5 */ = {
			isa = PBXGroup;
			children = (
				3F07749F21355110004CA5A5 /* AppDelegate.swift */,
				3F0774A121355110004CA5A5 /* ViewController.swift */,
				3F0774A321355110004CA5A5 /* Main.storyboard */,
				3F0774A621355110004CA5A5 /* Assets.xcassets */,
				3F0774A821355110004CA5A5 /* LaunchScreen.storyboard */,
				3F0774AB21355110004CA5A5 /* Info.plist */,
				3FF819C021355C1C00527196 /* TableViewController.swift */,
			);
			path = project5;
			sourceTree = "<group>";
		};
		3F0774B321355111004CA5A5 /* project5Tests */ = {
			isa = PBXGroup;
			children = (
				3F0774B421355111004CA5A5 /* project5Tests.swift */,
				3F0774B621355111004CA5A5 /* Info.plist */,
			);
			path = project5Tests;
			sourceTree = "<group>";
		};
		3F0774BE21355111004CA5A5 /* project5UITests */ = {
			isa = PBXGroup;
			children = (
				3F0774BF21355111004CA5A5 /* project5UITests.swift */,
				3F0774C121355111004CA5A5 /* Info.plist */,
			);
			path = project5UITests;
			sourceTree = "<group>";
		};
/* End PBXGroup section */

/* Begin PBXNativeTarget section */
		3F07749B2135510F004CA5A5 /* project5 */ = {
			isa = PBXNativeTarget;
			buildConfigurationList = 3F0774C421355111004CA5A5 /* Build configuration list for PBXNativeTarget "project5" */;
			buildPhases = (
				3F0774982135510F004CA5A5 /* Sources */,
				3F0774992135510F004CA5A5 /* Frameworks */,
				3F07749A2135510F004CA5A5 /* Resources */,
			);
			buildRules = (
			);
			dependencies = (
			);
			name = project5;
			productName = project5;
			productReference = 3F07749C2135510F004CA5A5 /* project5.app */;
			productType = "com.apple.product-type.application";
		};
		3F0774AF21355111004CA5A5 /* project5Tests */ = {
			isa = PBXNativeTarget;
			buildConfigurationList = 3F0774C721355111004CA5A5 /* Build configuration list for PBXNativeTarget "project5Tests" */;
			buildPhases = (
				3F0774AC21355111004CA5A5 /* Sources */,
				3F0774AD21355111004CA5A5 /* Frameworks */,
				3F0774AE21355111004CA5A5 /* Resources */,
			);
			buildRules = (
			);
			dependencies = (
				3F0774B221355111004CA5A5 /* PBXTargetDependency */,
			);
			name = project5Tests;
			productName = project5Tests;
			productReference = 3F0774B021355111004CA5A5 /* project5Tests.xctest */;
			productType = "com.apple.product-type.bundle.unit-test";
		};
		3F0774BA21355111004CA5A5 /* project5UITests */ = {
			isa = PBXNativeTarget;
			buildConfigurationList = 3F0774CA21355111004CA5A5 /* Build configuration list for PBXNativeTarget "project5UITests" */;
			buildPhases = (
				3F0774B721355111004CA5A5 /* Sources */,
				3F0774B821355111004CA5A5 /* Frameworks */,
				3F0774B921355111004CA5A5 /* Resources */,
			);
			buildRules = (
			);
			dependencies = (
				3F0774BD21355111004CA5A5 /* PBXTargetDependency */,
			);
			name = project5UITests;
			productName = project5UITests;
			productReference = 3F0774BB21355111004CA5A5 /* project5UITests.xctest */;
			productType = "com.apple.product-type.bundle.ui-testing";
		};
/* End PBXNativeTarget section */

/* Begin PBXProject section */
		3F0774942135510E004CA5A5 /* Project object */ = {
			isa = PBXProject;
			attributes = {
				LastSwiftUpdateCheck = 0900;
				LastUpgradeCheck = 0900;
				ORGANIZATIONNAME = Student;
				TargetAttributes = {
					3F07749B2135510F004CA5A5 = {
						CreatedOnToolsVersion = 9.0;
						ProvisioningStyle = Automatic;
					};
					3F0774AF21355111004CA5A5 = {
						CreatedOnToolsVersion = 9.0;
						ProvisioningStyle = Automatic;
						TestTargetID = 3F07749B2135510F004CA5A5;
					};
					3F0774BA21355111004CA5A5 = {
						CreatedOnToolsVersion = 9.0;
						ProvisioningStyle = Automatic;
						TestTargetID = 3F07749B2135510F004CA5A5;
					};
				};
			};
			buildConfigurationList = 3F0774972135510E004CA5A5 /* Build configuration list for PBXProject "project5" */;
			compatibilityVersion = "Xcode 8.0";
			developmentRegion = en;
			hasScannedForEncodings = 0;
			knownRegions = (
				en,
				Base,
			);
			mainGroup = 3F0774932135510E004CA5A5;
			productRefGroup = 3F07749D2135510F004CA5A5 /* Products */;
			projectDirPath = "";
			projectRoot = "";
			targets = (
				3F07749B2135510F004CA5A5 /* project5 */,
				3F0774AF21355111004CA5A5 /* project5Tests */,
				3F0774BA21355111004CA5A5 /* project5UITests */,
			);
		};
/* End PBXProject section */

/* Begin PBXResourcesBuildPhase section */
		3F07749A2135510F004CA5A5 /* Resources */ = {
			isa = PBXResourcesBuildPhase;
			buildActionMask = 2147483647;
			files = (
				3F0774AA21355110004CA5A5 /* LaunchScreen.storyboard in Resources */,
				3F0774A721355110004CA5A5 /* Assets.xcassets in Resources */,
				3F0774A521355110004CA5A5 /* Main.storyboard in Resources */,
			);
			runOnlyForDeploymentPostprocessing = 0;
		};
		3F0774AE21355111004CA5A5 /* Resources */ = {
			isa = PBXResourcesBuildPhase;
			buildActionMask = 2147483647;
			files = (
			);
			runOnlyForDeploymentPostprocessing = 0;
		};
		3F0774B921355111004CA5A5 /* Resources */ = {
			isa = PBXResourcesBuildPhase;
			buildActionMask = 2147483647;
			files = (
			);
			runOnlyForDeploymentPostprocessing = 0;
		};
/* End PBXResourcesBuildPhase section */

/* Begin PBXSourcesBuildPhase section */
		3F0774982135510F004CA5A5 /* Sources */ = {
			isa = PBXSourcesBuildPhase;
			buildActionMask = 2147483647;
			files = (
				3F0774A221355110004CA5A5 /* ViewController.swift in Sources */,
				3FF819C121355C1C00527196 /* TableViewController.swift in Sources */,
				3F0774A021355110004CA5A5 /* AppDelegate.swift in Sources */,
			);
			runOnlyForDeploymentPostprocessing = 0;
		};
		3F0774AC21355111004CA5A5 /* Sources */ = {
			isa = PBXSourcesBuildPhase;
			buildActionMask = 2147483647;
			files = (
				3F0774B521355111004CA5A5 /* project5Tests.swift in Sources */,
			);
			runOnlyForDeploymentPostprocessing = 0;
		};
		3F0774B721355111004CA5A5 /* Sources */ = {
			isa = PBXSourcesBuildPhase;
			buildActionMask = 2147483647;
			files = (
				3F0774C021355111004CA5A5 /* project5UITests.swift in Sources */,
			);
			runOnlyForDeploymentPostprocessing = 0;
		};
/* End PBXSourcesBuildPhase section */

/* Begin PBXTargetDependency section */
		3F0774B221355111004CA5A5 /* PBXTargetDependency */ = {
			isa = PBXTargetDependency;
			target = 3F07749B2135510F004CA5A5 /* project5 */;
			targetProxy = 3F0774B121355111004CA5A5 /* PBXContainerItemProxy */;
		};
		3F0774BD21355111004CA5A5 /* PBXTargetDependency */ = {
			isa = PBXTargetDependency;
			target = 3F07749B2135510F004CA5A5 /* project5 */;
			targetProxy = 3F0774BC21355111004CA5A5 /* PBXContainerItemProxy */;
		};
/* End PBXTargetDependency section */

/* Begin PBXVariantGroup section */
		3F0774A321355110004CA5A5 /* Main.storyboard */ = {
			isa = PBXVariantGroup;
			children = (
				3F0774A421355110004CA5A5 /* Base */,
			);
			name = Main.storyboard;
			sourceTree = "<group>";
		};
		3F0774A821355110004CA5A5 /* LaunchScreen.storyboard */ = {
			isa = PBXVariantGroup;
			children = (
				3F0774A921355110004CA5A5 /* Base */,
			);
			name = LaunchScreen.storyboard;
			sourceTree = "<group>";
		};
/* End PBXVariantGroup section */

/* Begin XCBuildConfiguration section */
		3F0774C221355111004CA5A5 /* Debug */ = {
			isa = XCBuildConfiguration;
			buildSettings = {
				ALWAYS_SEARCH_USER_PATHS = NO;
				CLANG_ANALYZER_NONNULL = YES;
				CLANG_ANALYZER_NUMBER_OBJECT_CONVERSION = YES_AGGRESSIVE;
				CLANG_CXX_LANGUAGE_STANDARD = "gnu++14";
				CLANG_CXX_LIBRARY = "libc++";
				CLANG_ENABLE_MODULES = YES;
				CLANG_ENABLE_OBJC_ARC = YES;
				CLANG_WARN_BLOCK_CAPTURE_AUTORELEASING = YES;
				CLANG_WARN_BOOL_CONVERSION = YES;
				CLANG_WARN_COMMA = YES;
				CLANG_WARN_CONSTANT_CONVERSION = YES;
				CLANG_WARN_DIRECT_OBJC_ISA_USAGE = YES_ERROR;
				CLANG_WARN_DOCUMENTATION_COMMENTS = YES;
				CLANG_WARN_EMPTY_BODY = YES;
				CLANG_WARN_ENUM_CONVERSION = YES;
				CLANG_WARN_INFINITE_RECURSION = YES;
				CLANG_WARN_INT_CONVERSION = YES;
				CLANG_WARN_NON_LITERAL_NULL_CONVERSION = YES;
				CLANG_WARN_OBJC_LITERAL_CONVERSION = YES;
				CLANG_WARN_OBJC_ROOT_CLASS = YES_ERROR;
				CLANG_WARN_RANGE_LOOP_ANALYSIS = YES;
				CLANG_WARN_STRICT_PROTOTYPES = YES;
				CLANG_WARN_SUSPICIOUS_MOVE = YES;
				CLANG_WARN_UNGUARDED_AVAILABILITY = YES_AGGRESSIVE;
				CLANG_WARN_UNREACHABLE_CODE = YES;
				CLANG_WARN__DUPLICATE_METHOD_MATCH = YES;
				CODE_SIGN_IDENTITY = "iPhone Developer";
				COPY_PHASE_STRIP = NO;
				DEBUG_INFORMATION_FORMAT = dwarf;
				ENABLE_STRICT_OBJC_MSGSEND = YES;
				ENABLE_TESTABILITY = YES;
				GCC_C_LANGUAGE_STANDARD = gnu11;
				GCC_DYNAMIC_NO_PIC = NO;
				GCC_NO_COMMON_BLOCKS = YES;
				GCC_OPTIMIZATION_LEVEL = 0;
				GCC_PREPROCESSOR_DEFINITIONS = (
					"DEBUG=1",
					"$(inherited)",
				);
				GCC_WARN_64_TO_32_BIT_CONVERSION = YES;
				GCC_WARN_ABOUT_RETURN_TYPE = YES_ERROR;
				GCC_WARN_UNDECLARED_SELECTOR = YES;
				GCC_WARN_UNINITIALIZED_AUTOS = YES_AGGRESSIVE;
				GCC_WARN_UNUSED_FUNCTION = YES;
				GCC_WARN_UNUSED_VARIABLE = YES;
				IPHONEOS_DEPLOYMENT_TARGET = 11.0;
				MTL_ENABLE_DEBUG_INFO = YES;
				ONLY_ACTIVE_ARCH = YES;
				SDKROOT = iphoneos;
				SWIFT_ACTIVE_COMPILATION_CONDITIONS = DEBUG;
				SWIFT_OPTIMIZATION_LEVEL = "-Onone";
			};
			name = Debug;
		};
		3F0774C321355111004CA5A5 /* Release */ = {
			isa = XCBuildConfiguration;
			buildSettings = {
				ALWAYS_SEARCH_USER_PATHS = NO;
				CLANG_ANALYZER_NONNULL = YES;
				CLANG_ANALYZER_NUMBER_OBJECT_CONVERSION = YES_AGGRESSIVE;
				CLANG_CXX_LANGUAGE_STANDARD = "gnu++14";
				CLANG_CXX_LIBRARY = "libc++";
				CLANG_ENABLE_MODULES = YES;
				CLANG_ENABLE_OBJC_ARC = YES;
				CLANG_WARN_BLOCK_CAPTURE_AUTORELEASING = YES;
				CLANG_WARN_BOOL_CONVERSION = YES;
				CLANG_WARN_COMMA = YES;
				CLANG_WARN_CONSTANT_CONVERSION = YES;
				CLANG_WARN_DIRECT_OBJC_ISA_USAGE = YES_ERROR;
				CLANG_WARN_DOCUMENTATION_COMMENTS = YES;
				CLANG_WARN_EMPTY_BODY = YES;
				CLANG_WARN_ENUM_CONVERSION = YES;
				CLANG_WARN_INFINITE_RECURSION = YES;
				CLANG_WARN_INT_CONVERSION = YES;
				CLANG_WARN_NON_LITERAL_NULL_CONVERSION = YES;
				CLANG_WARN_OBJC_LITERAL_CONVERSION = YES;
				CLANG_WARN_OBJC_ROOT_CLASS = YES_ERROR;
				CLANG_WARN_RANGE_LOOP_ANALYSIS = YES;
				CLANG_WARN_STRICT_PROTOTYPES = YES;
				CLANG_WARN_SUSPICIOUS_MOVE = YES;
				CLANG_WARN_UNGUARDED_AVAILABILITY = YES_AGGRESSIVE;
				CLANG_WARN_UNREACHABLE_CODE = YES;
				CLANG_WARN__DUPLICATE_METHOD_MATCH = YES;
				CODE_SIGN_IDENTITY = "iPhone Developer";
				COPY_PHASE_STRIP = NO;
				DEBUG_INFORMATION_FORMAT = "dwarf-with-dsym";
				ENABLE_NS_ASSERTIONS = NO;
				ENABLE_STRICT_OBJC_MSGSEND = YES;
				GCC_C_LANGUAGE_STANDARD = gnu11;
				GCC_NO_COMMON_BLOCKS = YES;
				GCC_WARN_64_TO_32_BIT_CONVERSION = YES;
				GCC_WARN_ABOUT_RETURN_TYPE = YES_ERROR;
				GCC_WARN_UNDECLARED_SELECTOR = YES;
				GCC_WARN_UNINITIALIZED_AUTOS = YES_AGGRESSIVE;
				GCC_WARN_UNUSED_FUNCTION = YES;
				GCC_WARN_UNUSED_VARIABLE = YES;
				IPHONEOS_DEPLOYMENT_TARGET = 11.0;
				MTL_ENABLE_DEBUG_INFO = NO;
				SDKROOT = iphoneos;
				SWIFT_OPTIMIZATION_LEVEL = "-Owholemodule";
				VALIDATE_PRODUCT = YES;
			};
			name = Release;
		};
		3F0774C521355111004CA5A5 /* Debug */ = {
			isa = XCBuildConfiguration;
			buildSettings = {
				ASSETCATALOG_COMPILER_APPICON_NAME = AppIcon;
				CODE_SIGN_STYLE = Automatic;
				INFOPLIST_FILE = project5/Info.plist;
				LD_RUNPATH_SEARCH_PATHS = "$(inherited) @executable_path/Frameworks";
				PRODUCT_BUNDLE_IDENTIFIER = lpu.project5;
				PRODUCT_NAME = "$(TARGET_NAME)";
				SWIFT_VERSION = 4.0;
				TARGETED_DEVICE_FAMILY = "1,2";
			};
			name = Debug;
		};
		3F0774C621355111004CA5A5 /* Release */ = {
			isa = XCBuildConfiguration;
			buildSettings = {
				ASSETCATALOG_COMPILER_APPICON_NAME = AppIcon;
				CODE_SIGN_STYLE = Automatic;
				INFOPLIST_FILE = project5/Info.plist;
				LD_RUNPATH_SEARCH_PATHS = "$(inherited) @executable_path/Frameworks";
				PRODUCT_BUNDLE_IDENTIFIER = lpu.project5;
				PRODUCT_NAME = "$(TARGET_NAME)";
				SWIFT_VERSION = 4.0;
				TARGETED_DEVICE_FAMILY = "1,2";
			};
			name = Release;
		};
		3F0774C821355111004CA5A5 /* Debug */ = {
			isa = XCBuildConfiguration;
			buildSettings = {
				ALWAYS_EMBED_SWIFT_STANDARD_LIBRARIES = YES;
				BUNDLE_LOADER = "$(TEST_HOST)";
				CODE_SIGN_STYLE = Automatic;
				INFOPLIST_FILE = project5Tests/Info.plist;
				LD_RUNPATH_SEARCH_PATHS = "$(inherited) @executable_path/Frameworks @loader_path/Frameworks";
				PRODUCT_BUNDLE_IDENTIFIER = lpu.project5Tests;
				PRODUCT_NAME = "$(TARGET_NAME)";
				SWIFT_VERSION = 4.0;
				TARGETED_DEVICE_FAMILY = "1,2";
				TEST_HOST = "$(BUILT_PRODUCTS_DIR)/project5.app/project5";
			};
			name = Debug;
		};
		3F0774C921355111004CA5A5 /* Release */ = {
			isa = XCBuildConfiguration;
			buildSettings = {
				ALWAYS_EMBED_SWIFT_STANDARD_LIBRARIES = YES;
				BUNDLE_LOADER = "$(TEST_HOST)";
				CODE_SIGN_STYLE = Automatic;
				INFOPLIST_FILE = project5Tests/Info.plist;
				LD_RUNPATH_SEARCH_PATHS = "$(inherited) @executable_path/Frameworks @loader_path/Frameworks";
				PRODUCT_BUNDLE_IDENTIFIER = lpu.project5Tests;
				PRODUCT_NAME = "$(TARGET_NAME)";
				SWIFT_VERSION = 4.0;
				TARGETED_DEVICE_FAMILY = "1,2";
				TEST_HOST = "$(BUILT_PRODUCTS_DIR)/project5.app/project5";
			};
			name = Release;
		};
		3F0774CB21355111004CA5A5 /* Debug */ = {
			isa = XCBuildConfiguration;
			buildSettings = {
				ALWAYS_EMBED_SWIFT_STANDARD_LIBRARIES = YES;
				CODE_SIGN_STYLE = Automatic;
				INFOPLIST_FILE = project5UITests/Info.plist;
				LD_RUNPATH_SEARCH_PATHS = "$(inherited) @executable_path/Frameworks @loader_path/Frameworks";
				PRODUCT_BUNDLE_IDENTIFIER = lpu.project5UITests;
				PRODUCT_NAME = "$(TARGET_NAME)";
				SWIFT_VERSION = 4.0;
				TARGETED_DEVICE_FAMILY = "1,2";
				TEST_TARGET_NAME = project5;
			};
			name = Debug;
		};
		3F0774CC21355111004CA5A5 /* Release */ = {
			isa = XCBuildConfiguration;
			buildSettings = {
				ALWAYS_EMBED_SWIFT_STANDARD_LIBRARIES = YES;
				CODE_SIGN_STYLE = Automatic;
				INFOPLIST_FILE = project5UITests/Info.plist;
				LD_RUNPATH_SEARCH_PATHS = "$(inherited) @executable_path/Frameworks @loader_path/Frameworks";
				PRODUCT_BUNDLE_IDENTIFIER = lpu.project5UITests;
				PRODUCT_NAME = "$(TARGET_NAME)";
				SWIFT_VERSION = 4.0;
				TARGETED_DEVICE_FAMILY = "1,2";
				TEST_TARGET_NAME = project5;
			};
			name = Release;
		};
/* End XCBuildConfiguration section */

/* Begin XCConfigurationList section */
		3F0774972135510E004CA5A5 /* Build configuration list for PBXProject "project5" */ = {
			isa = XCConfigurationList;
			buildConfigurations = (
				3F0774C221355111004CA5A5 /* Debug */,
				3F0774C321355111004CA5A5 /* Release */,
			);
			defaultConfigurationIsVisible = 0;
			defaultConfigurationName = Release;
		};
		3F0774C421355111004CA5A5 /* Build configuration list for PBXNativeTarget "project5" */ = {
			isa = XCConfigurationList;
			buildConfigurations = (
				3F0774C521355111004CA5A5 /* Debug */,
				3F0774C621355111004CA5A5 /* Release */,
			);
			defaultConfigurationIsVisible = 0;
			defaultConfigurationName = Release;
		};
		3F0774C721355111004CA5A5 /* Build configuration list for PBXNativeTarget "project5Tests" */ = {
			isa = XCConfigurationList;
			buildConfigurations = (
				3F0774C821355111004CA5A5 /* Debug */,
				3F0774C921355111004CA5A5 /* Release */,
			);
			defaultConfigurationIsVisible = 0;
			defaultConfigurationName = Release;
		};
		3F0774CA21355111004CA5A5 /* Build configuration list for PBXNativeTarget "project5UITests" */ = {
			isa = XCConfigurationList;
			buildConfigurations = (
				3F0774CB21355111004CA5A5 /* Debug */,
				3F0774CC21355111004CA5A5 /* Release */,
			);
			defaultConfigurationIsVisible = 0;
			defaultConfigurationName = Release;
		};
/* End XCConfigurationList section */
	};
	rootObject = 3F0774942135510E004CA5A5 /* Project object */;
}
